
Microsoft Visual Studio Solution File, Format Version 12.00
# Visual Studio Version 16
VisualStudioVersion = 16.0.30204.135
MinimumVisualStudioVersion = 10.0.40219.1
Project("{FAE04EC0-301F-11D3-BF4B-00C04F79EFBC}") = "FishingDerby", "FishingDerby\FishingDerby\FishingDerby.csproj", "{BE20CDF7-A653-4E00-99F2-C140A94B3451}"
EndProject
Project("{FAE04EC0-301F-11D3-BF4B-00C04F79EFBC}") = "FishingDerby.Droid", "FishingDerby\FishingDerby.Droid\FishingDerby.Droid.csproj", "{8484C86D-88A9-491A-ABD0-C7F5646E8DC7}"
EndProject
Project("{FAE04EC0-301F-11D3-BF4B-00C04F79EFBC}") = "FishingDerby.iOS", "FishingDerby\FishingDerby.iOS\FishingDerby.iOS.csproj", "{6FCE48E6-A9CF-4595-BA91-324DBF3AAB04}"
EndProject
Global
	GlobalSection(SolutionConfigurationPlatforms) = preSolution
		Ad-Hoc|Any CPU = Ad-Hoc|Any CPU
		Ad-Hoc|ARM = Ad-Hoc|ARM
		Ad-Hoc|iPhone = Ad-Hoc|iPhone
		Ad-Hoc|iPhoneSimulator = Ad-Hoc|iPhoneSimulator
		Ad-Hoc|x64 = Ad-Hoc|x64
		Ad-Hoc|x86 = Ad-Hoc|x86
		AppStore|Any CPU = AppStore|Any CPU
		AppStore|ARM = AppStore|ARM
		AppStore|iPhone = AppStore|iPhone
		AppStore|iPhoneSimulator = AppStore|iPhoneSimulator
		AppStore|x64 = AppStore|x64
		AppStore|x86 = AppStore|x86
		Debug|Any CPU = Debug|Any CPU
		Debug|ARM = Debug|ARM
		Debug|iPhone = Debug|iPhone
		Debug|iPhoneSimulator = Debug|iPhoneSimulator
		Debug|x64 = Debug|x64
		Debug|x86 = Debug|x86
		Release|Any CPU = Release|Any CPU
		Release|ARM = Release|ARM
		Release|iPhone = Release|iPhone
		Release|iPhoneSimulator = Release|iPhoneSimulator
		Release|x64 = Release|x64
		Release|x86 = Release|x86
	EndGlobalSection
	GlobalSection(ProjectConfigurationPlatforms) = postSolution
		{BE20CDF7-A653-4E00-99F2-C140A94B3451}.Ad-Hoc|Any CPU.ActiveCfg = Release|Any CPU
		{BE20CDF7-A653-4E00-99F2-C140A94B3451}.Ad-Hoc|Any CPU.Build.0 = Release|Any CPU
		{BE20CDF7-A653-4E00-99F2-C140A94B3451}.Ad-Hoc|ARM.ActiveCfg = Release|Any CPU
		{BE20CDF7-A653-4E00-99F2-C140A94B3451}.Ad-Hoc|ARM.Build.0 = Release|Any CPU
		{BE20CDF7-A653-4E00-99F2-C140A94B3451}.Ad-Hoc|iPhone.ActiveCfg = Release|Any CPU
		{BE20CDF7-A653-4E00-99F2-C140A94B3451}.Ad-Hoc|iPhone.Build.0 = Release|Any CPU
		{BE20CDF7-A653-4E00-99F2-C140A94B3451}.Ad-Hoc|iPhoneSimulator.ActiveCfg = Release|Any CPU
		{BE20CDF7-A653-4E00-99F2-C140A94B3451}.Ad-Hoc|iPhoneSimulator.Build.0 = Release|Any CPU
		{BE20CDF7-A653-4E00-99F2-C140A94B3451}.Ad-Hoc|x64.ActiveCfg = Release|Any CPU
		{BE20CDF7-A653-4E00-99F2-C140A94B3451}.Ad-Hoc|x64.Build.0 = Release|Any CPU
		{BE20CDF7-A653-4E00-99F2-C140A94B3451}.Ad-Hoc|x86.ActiveCfg = Release|Any CPU
		{BE20CDF7-A653-4E00-99F2-C140A94B3451}.Ad-Hoc|x86.Build.0 = Release|Any CPU
		{BE20CDF7-A653-4E00-99F2-C140A94B3451}.AppStore|Any CPU.ActiveCfg = Release|Any CPU
		{BE20CDF7-A653-4E00-99F2-C140A94B3451}.AppStore|Any CPU.Build.0 = Release|Any CPU
		{BE20CDF7-A653-4E00-99F2-C140A94B3451}.AppStore|ARM.ActiveCfg = Release|Any CPU
		{BE20CDF7-A653-4E00-99F2-C140A94B3451}.AppStore|ARM.Build.0 = Release|Any CPU
		{BE20CDF7-A653-4E00-99F2-C140A94B3451}.AppStore|iPhone.ActiveCfg = Release|Any CPU
		{BE20CDF7-A653-4E00-99F2-C140A94B3451}.AppStore|iPhone.Build.0 = Release|Any CPU
		{BE20CDF7-A653-4E00-99F2-C140A94B3451}.AppStore|iPhoneSimulator.ActiveCfg = Release|Any CPU
		{BE20CDF7-A653-4E00-99F2-C140A94B3451}.AppStore|iPhoneSimulator.Build.0 = Release|Any CPU
		{BE20CDF7-A653-4E00-99F2-C140A94B3451}.AppStore|x64.ActiveCfg = Release|Any CPU
		{BE20CDF7-A653-4E00-99F2-C140A94B3451}.AppStore|x64.Build.0 = Release|Any CPU
		{BE20CDF7-A653-4E00-99F2-C140A94B3451}.AppStore|x86.ActiveCfg = Release|Any CPU
		{BE20CDF7-A653-4E00-99F2-C140A94B3451}.AppStore|x86.Build.0 = Release|Any CPU
		{BE20CDF7-A653-4E00-99F2-C140A94B3451}.Debug|Any CPU.ActiveCfg = Debug|Any CPU
		{BE20CDF7-A653-4E00-99F2-C140A94B3451}.Debug|Any CPU.Build.0 = Debug|Any CPU
		{BE20CDF7-A653-4E00-99F2-C140A94B3451}.Debug|ARM.ActiveCfg = Debug|Any CPU
		{BE20CDF7-A653-4E00-99F2-C140A94B3451}.Debug|ARM.Build.0 = Debug|Any CPU
		{BE20CDF7-A653-4E00-99F2-C140A94B3451}.Debug|iPhone.ActiveCfg = Debug|Any CPU
		{BE20CDF7-A653-4E00-99F2-C140A94B3451}.Debug|iPhone.Build.0 = Debug|Any CPU
		{BE20CDF7-A653-4E00-99F2-C140A94B3451}.Debug|iPhoneSimulator.ActiveCfg = Debug|Any CPU
		{BE20CDF7-A653-4E00-99F2-C140A94B3451}.Debug|iPhoneSimulator.Build.0 = Debug|Any CPU
		{BE20CDF7-A653-4E00-99F2-C140A94B3451}.Debug|x64.ActiveCfg = Debug|Any CPU
		{BE20CDF7-A653-4E00-99F2-C140A94B3451}.Debug|x64.Build.0 = Debug|Any CPU
		{BE20CDF7-A653-4E00-99F2-C140A94B3451}.Debug|x86.ActiveCfg = Debug|Any CPU
		{BE20CDF7-A653-4E00-99F2-C140A94B3451}.Debug|x86.Build.0 = Debug|Any CPU
		{BE20CDF7-A653-4E00-99F2-C140A94B3451}.Release|Any CPU.ActiveCfg = Release|Any CPU
		{BE20CDF7-A653-4E00-99F2-C140A94B3451}.Release|Any CPU.Build.0 = Release|Any CPU
		{BE20CDF7-A653-4E00-99F2-C140A94B3451}.Release|ARM.ActiveCfg = Release|Any CPU
		{BE20CDF7-A653-4E00-99F2-C140A94B3451}.Release|ARM.Build.0 = Release|Any CPU
		{BE20CDF7-A653-4E00-99F2-C140A94B3451}.Release|iPhone.ActiveCfg = Release|Any CPU
		{BE20CDF7-A653-4E00-99F2-C140A94B3451}.Release|iPhone.Build.0 = Release|Any CPU
		{BE20CDF7-A653-4E00-99F2-C140A94B3451}.Release|iPhoneSimulator.ActiveCfg = Release|Any CPU
		{BE20CDF7-A653-4E00-99F2-C140A94B3451}.Release|iPhoneSimulator.Build.0 = Release|Any CPU
		{BE20CDF7-A653-4E00-99F2-C140A94B3451}.Release|x64.ActiveCfg = Release|Any CPU
		{BE20CDF7-A653-4E00-99F2-C140A94B3451}.Release|x64.Build.0 = Release|Any CPU
		{BE20CDF7-A653-4E00-99F2-C140A94B3451}.Release|x86.ActiveCfg = Release|Any CPU
		{BE20CDF7-A653-4E00-99F2-C140A94B3451}.Release|x86.Build.0 = Release|Any CPU
		{8484C86D-88A9-491A-ABD0-C7F5646E8DC7}.Ad-Hoc|Any CPU.ActiveCfg = Release|Any CPU
		{8484C86D-88A9-491A-ABD0-C7F5646E8DC7}.Ad-Hoc|Any CPU.Build.0 = Release|Any CPU
		{8484C86D-88A9-491A-ABD0-C7F5646E8DC7}.Ad-Hoc|Any CPU.Deploy.0 = Release|Any CPU
		{8484C86D-88A9-491A-ABD0-C7F5646E8DC7}.Ad-Hoc|ARM.ActiveCfg = Release|Any CPU
		{8484C86D-88A9-491A-ABD0-C7F5646E8DC7}.Ad-Hoc|ARM.Build.0 = Release|Any CPU
		{8484C86D-88A9-491A-ABD0-C7F5646E8DC7}.Ad-Hoc|ARM.Deploy.0 = Release|Any CPU
		{8484C86D-88A9-491A-ABD0-C7F5646E8DC7}.Ad-Hoc|iPhone.ActiveCfg = Release|Any CPU
		{8484C86D-88A9-491A-ABD0-C7F5646E8DC7}.Ad-Hoc|iPhone.Build.0 = Release|Any CPU
		{8484C86D-88A9-491A-ABD0-C7F5646E8DC7}.Ad-Hoc|iPhone.Deploy.0 = Release|Any CPU
		{8484C86D-88A9-491A-ABD0-C7F5646E8DC7}.Ad-Hoc|iPhoneSimulator.ActiveCfg = Release|Any CPU
		{8484C86D-88A9-491A-ABD0-C7F5646E8DC7}.Ad-Hoc|iPhoneSimulator.Build.0 = Release|Any CPU
		{8484C86D-88A9-491A-ABD0-C7F5646E8DC7}.Ad-Hoc|iPhoneSimulator.Deploy.0 = Release|Any CPU
		{8484C86D-88A9-491A-ABD0-C7F5646E8DC7}.Ad-Hoc|x64.ActiveCfg = Release|Any CPU
		{8484C86D-88A9-491A-ABD0-C7F5646E8DC7}.Ad-Hoc|x64.Build.0 = Release|Any CPU
		{8484C86D-88A9-491A-ABD0-C7F5646E8DC7}.Ad-Hoc|x64.Deploy.0 = Release|Any CPU
		{8484C86D-88A9-491A-ABD0-C7F5646E8DC7}.Ad-Hoc|x86.ActiveCfg = Release|Any CPU
		{8484C86D-88A9-491A-ABD0-C7F5646E8DC7}.Ad-Hoc|x86.Build.0 = Release|Any CPU
		{8484C86D-88A9-491A-ABD0-C7F5646E8DC7}.Ad-Hoc|x86.Deploy.0 = Release|Any CPU
		{8484C86D-88A9-491A-ABD0-C7F5646E8DC7}.AppStore|Any CPU.ActiveCfg = Release|Any CPU
		{8484C86D-88A9-491A-ABD0-C7F5646E8DC7}.AppStore|Any CPU.Build.0 = Release|Any CPU
		{8484C86D-88A9-491A-ABD0-C7F5646E8DC7}.AppStore|Any CPU.Deploy.0 = Release|Any CPU
		{8484C86D-88A9-491A-ABD0-C7F5646E8DC7}.AppStore|ARM.ActiveCfg = Release|Any CPU
		{8484C86D-88A9-491A-ABD0-C7F5646E8DC7}.AppStore|ARM.Build.0 = Release|Any CPU
		{8484C86D-88A9-491A-ABD0-C7F5646E8DC7}.AppStore|ARM.Deploy.0 = Release|Any CPU
		{8484C86D-88A9-491A-ABD0-C7F5646E8DC7}.AppStore|iPhone.ActiveCfg = Release|Any CPU
		{8484C86D-88A9-491A-ABD0-C7F5646E8DC7}.AppStore|iPhone.Build.0 = Release|Any CPU
		{8484C86D-88A9-491A-ABD0-C7F5646E8DC7}.AppStore|iPhone.Deploy.0 = Release|Any CPU
		{8484C86D-88A9-491A-ABD0-C7F5646E8DC7}.AppStore|iPhoneSimulator.ActiveCfg = Release|Any CPU
		{8484C86D-88A9-491A-ABD0-C7F5646E8DC7}.AppStore|iPhoneSimulator.Build.0 = Release|Any CPU
		{8484C86D-88A9-491A-ABD0-C7F5646E8DC7}.AppStore|iPhoneSimulator.Deploy.0 = Release|Any CPU
		{8484C86D-88A9-491A-ABD0-C7F5646E8DC7}.AppStore|x64.ActiveCfg = Release|Any CPU
		{8484C86D-88A9-491A-ABD0-C7F5646E8DC7}.AppStore|x64.Build.0 = Release|Any CPU
		{8484C86D-88A9-491A-ABD0-C7F5646E8DC7}.AppStore|x64.Deploy.0 = Release|Any CPU
		{8484C86D-88A9-491A-ABD0-C7F5646E8DC7}.AppStore|x86.ActiveCfg = Release|Any CPU
		{8484C86D-88A9-491A-ABD0-C7F5646E8DC7}.AppStore|x86.Build.0 = Release|Any CPU
		{8484C86D-88A9-491A-ABD0-C7F5646E8DC7}.AppStore|x86.Deploy.0 = Release|Any CPU
		{8484C86D-88A9-491A-ABD0-C7F5646E8DC7}.Debug|Any CPU.ActiveCfg = Debug|Any CPU
		{8484C86D-88A9-491A-ABD0-C7F5646E8DC7}.Debug|Any CPU.Build.0 = Debug|Any CPU
		{8484C86D-88A9-491A-ABD0-C7F5646E8DC7}.Debug|Any CPU.Deploy.0 = Debug|Any CPU
		{8484C86D-88A9-491A-ABD0-C7F5646E8DC7}.Debug|ARM.ActiveCfg = Debug|Any CPU
		{8484C86D-88A9-491A-ABD0-C7F5646E8DC7}.Debug|ARM.Build.0 = Debug|Any CPU
		{8484C86D-88A9-491A-ABD0-C7F5646E8DC7}.Debug|ARM.Deploy.0 = Debug|Any CPU
		{8484C86D-88A9-491A-ABD0-C7F5646E8DC7}.Debug|iPhone.ActiveCfg = Debug|Any CPU
		{8484C86D-88A9-491A-ABD0-C7F5646E8DC7}.Debug|iPhone.Build.0 = Debug|Any CPU
		{8484C86D-88A9-491A-ABD0-C7F5646E8DC7}.Debug|iPhone.Deploy.0 = Debug|Any CPU
		{8484C86D-88A9-491A-ABD0-C7F5646E8DC7}.Debug|iPhoneSimulator.ActiveCfg = Debug|Any CPU
		{8484C86D-88A9-491A-ABD0-C7F5646E8DC7}.Debug|iPhoneSimulator.Build.0 = Debug|Any CPU
		{8484C86D-88A9-491A-ABD0-C7F5646E8DC7}.Debug|iPhoneSimulator.Deploy.0 = Debug|Any CPU
		{8484C86D-88A9-491A-ABD0-C7F5646E8DC7}.Debug|x64.ActiveCfg = Debug|Any CPU
		{8484C86D-88A9-491A-ABD0-C7F5646E8DC7}.Debug|x64.Build.0 = Debug|Any CPU
		{8484C86D-88A9-491A-ABD0-C7F5646E8DC7}.Debug|x64.Deploy.0 = Debug|Any CPU
		{8484C86D-88A9-491A-ABD0-C7F5646E8DC7}.Debug|x86.ActiveCfg = Debug|Any CPU
		{8484C86D-88A9-491A-ABD0-C7F5646E8DC7}.Debug|x86.Build.0 = Debug|Any CPU
		{8484C86D-88A9-491A-ABD0-C7F5646E8DC7}.Debug|x86.Deploy.0 = Debug|Any CPU
		{8484C86D-88A9-491A-ABD0-C7F5646E8DC7}.Release|Any CPU.ActiveCfg = Release|Any CPU
		{8484C86D-88A9-491A-ABD0-C7F5646E8DC7}.Release|Any CPU.Build.0 = Release|Any CPU
		{8484C86D-88A9-491A-ABD0-C7F5646E8DC7}.Release|Any CPU.Deploy.0 = Release|Any CPU
		{8484C86D-88A9-491A-ABD0-C7F5646E8DC7}.Release|ARM.ActiveCfg = Release|Any CPU
		{8484C86D-88A9-491A-ABD0-C7F5646E8DC7}.Release|ARM.Build.0 = Release|Any CPU
		{8484C86D-88A9-491A-ABD0-C7F5646E8DC7}.Release|ARM.Deploy.0 = Release|Any CPU
		{8484C86D-88A9-491A-ABD0-C7F5646E8DC7}.Release|iPhone.ActiveCfg = Release|Any CPU
		{8484C86D-88A9-491A-ABD0-C7F5646E8DC7}.Release|iPhone.Build.0 = Release|Any CPU
		{8484C86D-88A9-491A-ABD0-C7F5646E8DC7}.Release|iPhone.Deploy.0 = Release|Any CPU
		{8484C86D-88A9-491A-ABD0-C7F5646E8DC7}.Release|iPhoneSimulator.ActiveCfg = Release|Any CPU
		{8484C86D-88A9-491A-ABD0-C7F5646E8DC7}.Release|iPhoneSimulator.Build.0 = Release|Any CPU
		{8484C86D-88A9-491A-ABD0-C7F5646E8DC7}.Release|iPhoneSimulator.Deploy.0 = Release|Any CPU
		{8484C86D-88A9-491A-ABD0-C7F5646E8DC7}.Release|x64.ActiveCfg = Release|Any CPU
		{8484C86D-88A9-491A-ABD0-C7F5646E8DC7}.Release|x64.Build.0 = Release|Any CPU
		{8484C86D-88A9-491A-ABD0-C7F5646E8DC7}.Release|x64.Deploy.0 = Release|Any CPU
		{8484C86D-88A9-491A-ABD0-C7F5646E8DC7}.Release|x86.ActiveCfg = Release|Any CPU
		{8484C86D-88A9-491A-ABD0-C7F5646E8DC7}.Release|x86.Build.0 = Release|Any CPU
		{8484C86D-88A9-491A-ABD0-C7F5646E8DC7}.Release|x86.Deploy.0 = Release|Any CPU
		{6FCE48E6-A9CF-4595-BA91-324DBF3AAB04}.Ad-Hoc|Any CPU.ActiveCfg = Ad-Hoc|iPhone
		{6FCE48E6-A9CF-4595-BA91-324DBF3AAB04}.Ad-Hoc|ARM.ActiveCfg = Ad-Hoc|iPhone
		{6FCE48E6-A9CF-4595-BA91-324DBF3AAB04}.Ad-Hoc|iPhone.ActiveCfg = Ad-Hoc|iPhone
		{6FCE48E6-A9CF-4595-BA91-324DBF3AAB04}.Ad-Hoc|iPhone.Build.0 = Ad-Hoc|iPhone
		{6FCE48E6-A9CF-4595-BA91-324DBF3AAB04}.Ad-Hoc|iPhoneSimulator.ActiveCfg = Ad-Hoc|iPhoneSimulator
		{6FCE48E6-A9CF-4595-BA91-324DBF3AAB04}.Ad-Hoc|iPhoneSimulator.Build.0 = Ad-Hoc|iPhoneSimulator
		{6FCE48E6-A9CF-4595-BA91-324DBF3AAB04}.Ad-Hoc|x64.ActiveCfg = Ad-Hoc|iPhone
		{6FCE48E6-A9CF-4595-BA91-324DBF3AAB04}.Ad-Hoc|x86.ActiveCfg = Ad-Hoc|iPhone
		{6FCE48E6-A9CF-4595-BA91-324DBF3AAB04}.AppStore|Any CPU.ActiveCfg = AppStore|iPhone
		{6FCE48E6-A9CF-4595-BA91-324DBF3AAB04}.AppStore|Any CPU.Build.0 = AppStore|iPhone
		{6FCE48E6-A9CF-4595-BA91-324DBF3AAB04}.AppStore|Any CPU.Deploy.0 = AppStore|iPhone
		{6FCE48E6-A9CF-4595-BA91-324DBF3AAB04}.AppStore|ARM.ActiveCfg = AppStore|iPhone
		{6FCE48E6-A9CF-4595-BA91-324DBF3AAB04}.AppStore|iPhone.ActiveCfg = AppStore|iPhone
		{6FCE48E6-A9CF-4595-BA91-324DBF3AAB04}.AppStore|iPhone.Build.0 = AppStore|iPhone
		{6FCE48E6-A9CF-4595-BA91-324DBF3AAB04}.AppStore|iPhoneSimulator.ActiveCfg = AppStore|iPhoneSimulator
		{6FCE48E6-A9CF-4595-BA91-324DBF3AAB04}.AppStore|iPhoneSimulator.Build.0 = AppStore|iPhoneSimulator
		{6FCE48E6-A9CF-4595-BA91-324DBF3AAB04}.AppStore|x64.ActiveCfg = AppStore|iPhone
		{6FCE48E6-A9CF-4595-BA91-324DBF3AAB04}.AppStore|x86.ActiveCfg = AppStore|iPhone
		{6FCE48E6-A9CF-4595-BA91-324DBF3AAB04}.Debug|Any CPU.ActiveCfg = Debug|iPhone
		{6FCE48E6-A9CF-4595-BA91-324DBF3AAB04}.Debug|ARM.ActiveCfg = Debug|iPhone
		{6FCE48E6-A9CF-4595-BA91-324DBF3AAB04}.Debug|iPhone.ActiveCfg = Debug|iPhone
		{6FCE48E6-A9CF-4595-BA91-324DBF3AAB04}.Debug|iPhone.Build.0 = Debug|iPhone
		{6FCE48E6-A9CF-4595-BA91-324DBF3AAB04}.Debug|iPhoneSimulator.ActiveCfg = Debug|iPhoneSimulator
		{6FCE48E6-A9CF-4595-BA91-324DBF3AAB04}.Debug|iPhoneSimulator.Build.0 = Debug|iPhoneSimulator
		{6FCE48E6-A9CF-4595-BA91-324DBF3AAB04}.Debug|x64.ActiveCfg = Debug|iPhone
		{6FCE48E6-A9CF-4595-BA91-324DBF3AAB04}.Debug|x86.ActiveCfg = Debug|iPhone
		{6FCE48E6-A9CF-4595-BA91-324DBF3AAB04}.Release|Any CPU.ActiveCfg = Release|iPhone
		{6FCE48E6-A9CF-4595-BA91-324DBF3AAB04}.Release|Any CPU.Build.0 = Release|iPhone
		{6FCE48E6-A9CF-4595-BA91-324DBF3AAB04}.Release|ARM.ActiveCfg = Release|iPhone
		{6FCE48E6-A9CF-4595-BA91-324DBF3AAB04}.Release|iPhone.ActiveCfg = Release|iPhone
		{6FCE48E6-A9CF-4595-BA91-324DBF3AAB04}.Release|iPhone.Build.0 = Release|iPhone
		{6FCE48E6-A9CF-4595-BA91-324DBF3AAB04}.Release|iPhoneSimulator.ActiveCfg = Release|iPhoneSimulator
		{6FCE48E6-A9CF-4595-BA91-324DBF3AAB04}.Release|iPhoneSimulator.Build.0 = Release|iPhoneSimulator
		{6FCE48E6-A9CF-4595-BA91-324DBF3AAB04}.Release|x64.ActiveCfg = Release|iPhone
		{6FCE48E6-A9CF-4595-BA91-324DBF3AAB04}.Release|x86.ActiveCfg = Release|iPhone
	EndGlobalSection
	GlobalSection(SolutionProperties) = preSolution
		HideSolutionNode = FALSE
	EndGlobalSection
	GlobalSection(ExtensibilityGlobals) = postSolution
		SolutionGuid = {36E63362-CCEB-47FF-AAAE-7A6907C1AB17}
	EndGlobalSection
EndGlobal
